// !$*UTF8*$!
{
	archiveVersion = 1;
	classes = {
	};
	objectVersion = 46;
	objects = {

/* Begin PBXBuildFile section */
		0021434C191ED4FD00C8AD04 /* main.cpp in Sources */ = {isa = PBXBuildFile; fileRef = 00314C1218F49931003AE324 /* main.cpp */; };
		0021434F191ED89D00C8AD04 /* PhotonMap.cpp in Sources */ = {isa = PBXBuildFile; fileRef = 0021434D191ED89D00C8AD04 /* PhotonMap.cpp */; };
		00214351191EDA7500C8AD04 /* GLKit.framework in Frameworks */ = {isa = PBXBuildFile; fileRef = 00214350191EDA7500C8AD04 /* GLKit.framework */; };
		0036EF4F19126C30000EBE68 /* GLUT.framework in Frameworks */ = {isa = PBXBuildFile; fileRef = 0098B3D518E9099D00559C32 /* GLUT.framework */; };
		00754E3E18E8DAEA00F68FFA /* PhotonMapping.1 in CopyFiles */ = {isa = PBXBuildFile; fileRef = 00754E3D18E8DAEA00F68FFA /* PhotonMapping.1 */; };
		0098B3D818E9099D00559C32 /* OpenGL.framework in Frameworks */ = {isa = PBXBuildFile; fileRef = 0098B3D618E9099D00559C32 /* OpenGL.framework */; };
/* End PBXBuildFile section */

/* Begin PBXCopyFilesBuildPhase section */
		004FC27819105F17000FAE9D /* CopyFiles */ = {
			isa = PBXCopyFilesBuildPhase;
			buildActionMask = 2147483647;
			dstPath = /usr/share/man/man1/;
			dstSubfolderSpec = 0;
			files = (
			);
			runOnlyForDeploymentPostprocessing = 1;
		};
		00754E3618E8DAEA00F68FFA /* CopyFiles */ = {
			isa = PBXCopyFilesBuildPhase;
			buildActionMask = 2147483647;
			dstPath = /usr/share/man/man1/;
			dstSubfolderSpec = 0;
			files = (
				00754E3E18E8DAEA00F68FFA /* PhotonMapping.1 in CopyFiles */,
			);
			runOnlyForDeploymentPostprocessing = 1;
		};
/* End PBXCopyFilesBuildPhase section */

/* Begin PBXFileReference section */
		0021434D191ED89D00C8AD04 /* PhotonMap.cpp */ = {isa = PBXFileReference; fileEncoding = 4; lastKnownFileType = sourcecode.cpp.cpp; path = PhotonMap.cpp; sourceTree = "<group>"; };
		0021434E191ED89D00C8AD04 /* PhotonMap.h */ = {isa = PBXFileReference; fileEncoding = 4; lastKnownFileType = sourcecode.c.h; path = PhotonMap.h; sourceTree = "<group>"; };
		00214350191EDA7500C8AD04 /* GLKit.framework */ = {isa = PBXFileReference; lastKnownFileType = wrapper.framework; name = GLKit.framework; path = System/Library/Frameworks/GLKit.framework; sourceTree = SDKROOT; };
		00314C1218F49931003AE324 /* main.cpp */ = {isa = PBXFileReference; fileEncoding = 4; lastKnownFileType = sourcecode.cpp.cpp; path = main.cpp; sourceTree = "<group>"; };
		004FC27A19105F17000FAE9D /* window */ = {isa = PBXFileReference; explicitFileType = "compiled.mach-o.executable"; includeInIndex = 0; path = window; sourceTree = BUILT_PRODUCTS_DIR; };
		00754E3818E8DAEA00F68FFA /* PhotonMapping */ = {isa = PBXFileReference; explicitFileType = "compiled.mach-o.executable"; includeInIndex = 0; path = PhotonMapping; sourceTree = BUILT_PRODUCTS_DIR; };
		00754E3D18E8DAEA00F68FFA /* PhotonMapping.1 */ = {isa = PBXFileReference; lastKnownFileType = text.man; path = PhotonMapping.1; sourceTree = "<group>"; };
		0098B3D518E9099D00559C32 /* GLUT.framework */ = {isa = PBXFileReference; lastKnownFileType = wrapper.framework; name = GLUT.framework; path = System/Library/Frameworks/GLUT.framework; sourceTree = SDKROOT; };
		0098B3D618E9099D00559C32 /* OpenGL.framework */ = {isa = PBXFileReference; lastKnownFileType = wrapper.framework; name = OpenGL.framework; path = System/Library/Frameworks/OpenGL.framework; sourceTree = SDKROOT; };
		00A8C5BE18FD2532003B99DC /* main.h */ = {isa = PBXFileReference; lastKnownFileType = sourcecode.c.h; path = main.h; sourceTree = "<group>"; };
/* End PBXFileReference section */

/* Begin PBXFrameworksBuildPhase section */
		004FC27719105F17000FAE9D /* Frameworks */ = {
			isa = PBXFrameworksBuildPhase;
			buildActionMask = 2147483647;
			files = (
			);
			runOnlyForDeploymentPostprocessing = 0;
		};
		00754E3518E8DAEA00F68FFA /* Frameworks */ = {
			isa = PBXFrameworksBuildPhase;
			buildActionMask = 2147483647;
			files = (
				00214351191EDA7500C8AD04 /* GLKit.framework in Frameworks */,
				0036EF4F19126C30000EBE68 /* GLUT.framework in Frameworks */,
				0098B3D818E9099D00559C32 /* OpenGL.framework in Frameworks */,
			);
			runOnlyForDeploymentPostprocessing = 0;
		};
/* End PBXFrameworksBuildPhase section */

/* Begin PBXGroup section */
		00754E2F18E8DAEA00F68FFA = {
			isa = PBXGroup;
			children = (
				00214350191EDA7500C8AD04 /* GLKit.framework */,
				0098B3D518E9099D00559C32 /* GLUT.framework */,
				0098B3D618E9099D00559C32 /* OpenGL.framework */,
				00754E3A18E8DAEA00F68FFA /* PhotonMapping */,
				00754E3918E8DAEA00F68FFA /* Products */,
			);
			sourceTree = "<group>";
		};
		00754E3918E8DAEA00F68FFA /* Products */ = {
			isa = PBXGroup;
			children = (
				00754E3818E8DAEA00F68FFA /* PhotonMapping */,
				004FC27A19105F17000FAE9D /* window */,
			);
			name = Products;
			sourceTree = "<group>";
		};
		00754E3A18E8DAEA00F68FFA /* PhotonMapping */ = {
			isa = PBXGroup;
			children = (
				0021434D191ED89D00C8AD04 /* PhotonMap.cpp */,
				0021434E191ED89D00C8AD04 /* PhotonMap.h */,
				00314C1218F49931003AE324 /* main.cpp */,
				00A8C5BE18FD2532003B99DC /* main.h */,
				00754E3D18E8DAEA00F68FFA /* PhotonMapping.1 */,
			);
			path = PhotonMapping;
			sourceTree = "<group>";
		};
/* End PBXGroup section */

/* Begin PBXNativeTarget section */
		004FC27919105F17000FAE9D /* window */ = {
			isa = PBXNativeTarget;
			buildConfigurationList = 004FC28019105F17000FAE9D /* Build configuration list for PBXNativeTarget "window" */;
			buildPhases = (
				004FC27619105F17000FAE9D /* Sources */,
				004FC27719105F17000FAE9D /* Frameworks */,
				004FC27819105F17000FAE9D /* CopyFiles */,
			);
			buildRules = (
			);
			dependencies = (
			);
			name = window;
			productName = window;
			productReference = 004FC27A19105F17000FAE9D /* window */;
			productType = "com.apple.product-type.tool";
		};
		00754E3718E8DAEA00F68FFA /* PhotonMapping */ = {
			isa = PBXNativeTarget;
			buildConfigurationList = 00754E4118E8DAEA00F68FFA /* Build configuration list for PBXNativeTarget "PhotonMapping" */;
			buildPhases = (
				00754E3418E8DAEA00F68FFA /* Sources */,
				00754E3518E8DAEA00F68FFA /* Frameworks */,
				00754E3618E8DAEA00F68FFA /* CopyFiles */,
			);
			buildRules = (
			);
			dependencies = (
			);
			name = PhotonMapping;
			productName = PhotonMapping;
			productReference = 00754E3818E8DAEA00F68FFA /* PhotonMapping */;
			productType = "com.apple.product-type.tool";
		};
/* End PBXNativeTarget section */

/* Begin PBXProject section */
		00754E3018E8DAEA00F68FFA /* Project object */ = {
			isa = PBXProject;
			attributes = {
				LastUpgradeCheck = 0510;
				ORGANIZATIONNAME = Terence;
			};
			buildConfigurationList = 00754E3318E8DAEA00F68FFA /* Build configuration list for PBXProject "PhotonMapping" */;
			compatibilityVersion = "Xcode 3.2";
			developmentRegion = English;
			hasScannedForEncodings = 0;
			knownRegions = (
				en,
			);
			mainGroup = 00754E2F18E8DAEA00F68FFA;
			productRefGroup = 00754E3918E8DAEA00F68FFA /* Products */;
			projectDirPath = "";
			projectRoot = "";
			targets = (
				00754E3718E8DAEA00F68FFA /* PhotonMapping */,
				004FC27919105F17000FAE9D /* window */,
			);
		};
/* End PBXProject section */

/* Begin PBXSourcesBuildPhase section */
		004FC27619105F17000FAE9D /* Sources */ = {
			isa = PBXSourcesBuildPhase;
			buildActionMask = 2147483647;
			files = (
			);
			runOnlyForDeploymentPostprocessing = 0;
		};
		00754E3418E8DAEA00F68FFA /* Sources */ = {
			isa = PBXSourcesBuildPhase;
			buildActionMask = 2147483647;
			files = (
				0021434F191ED89D00C8AD04 /* PhotonMap.cpp in Sources */,
				0021434C191ED4FD00C8AD04 /* main.cpp in Sources */,
			);
			runOnlyForDeploymentPostprocessing = 0;
		};
/* End PBXSourcesBuildPhase section */

/* Begin XCBuildConfiguration section */
		004FC28119105F17000FAE9D /* Debug */ = {
			isa = XCBuildConfiguration;
			buildSettings = {
				GCC_PREPROCESSOR_DEFINITIONS = (
					"DEBUG=1",
					"$(inherited)",
				);
				MACOSX_DEPLOYMENT_TARGET = 10.8;
				PRODUCT_NAME = "$(TARGET_NAME)";
				SDKROOT = macosx10.8;
			};
			name = Debug;
		};
		004FC28219105F17000FAE9D /* Release */ = {
			isa = XCBuildConfiguration;
			buildSettings = {
				MACOSX_DEPLOYMENT_TARGET = 10.8;
				PRODUCT_NAME = "$(TARGET_NAME)";
				SDKROOT = macosx10.8;
			};
			name = Release;
		};
		00754E3F18E8DAEA00F68FFA /* Debug */ = {
			isa = XCBuildConfiguration;
			buildSettings = {
				ALWAYS_SEARCH_USER_PATHS = NO;
				CLANG_CXX_LANGUAGE_STANDARD = "gnu++0x";
				CLANG_CXX_LIBRARY = "libc++";
				CLANG_ENABLE_MODULES = YES;
				CLANG_ENABLE_OBJC_ARC = YES;
				CLANG_WARN_BOOL_CONVERSION = YES;
				CLANG_WARN_CONSTANT_CONVERSION = YES;
				CLANG_WARN_DIRECT_OBJC_ISA_USAGE = YES_ERROR;
				CLANG_WARN_EMPTY_BODY = YES;
				CLANG_WARN_ENUM_CONVERSION = YES;
				CLANG_WARN_INT_CONVERSION = YES;
				CLANG_WARN_OBJC_ROOT_CLASS = YES_ERROR;
				CLANG_WARN__DUPLICATE_METHOD_MATCH = YES;
				COPY_PHASE_STRIP = NO;
				GCC_C_LANGUAGE_STANDARD = gnu99;
				GCC_DYNAMIC_NO_PIC = NO;
				GCC_ENABLE_OBJC_EXCEPTIONS = YES;
				GCC_OPTIMIZATION_LEVEL = 0;
				GCC_PREPROCESSOR_DEFINITIONS = (
					"DEBUG=1",
					"$(inherited)",
				);
				GCC_SYMBOLS_PRIVATE_EXTERN = NO;
				GCC_WARN_64_TO_32_BIT_CONVERSION = YES;
				GCC_WARN_ABOUT_RETURN_TYPE = YES_ERROR;
				GCC_WARN_UNDECLARED_SELECTOR = YES;
				GCC_WARN_UNINITIALIZED_AUTOS = YES_AGGRESSIVE;
				GCC_WARN_UNUSED_FUNCTION = YES;
				GCC_WARN_UNUSED_VARIABLE = YES;
				MACOSX_DEPLOYMENT_TARGET = 10.8;
				ONLY_ACTIVE_ARCH = YES;
				SDKROOT = macosx10.8;
			};
			name = Debug;
		};
		00754E4018E8DAEA00F68FFA /* Release */ = {
			isa = XCBuildConfiguration;
			buildSettings = {
				ALWAYS_SEARCH_USER_PATHS = NO;
				CLANG_CXX_LANGUAGE_STANDARD = "gnu++0x";
				CLANG_CXX_LIBRARY = "libc++";
				CLANG_ENABLE_MODULES = YES;
				CLANG_ENABLE_OBJC_ARC = YES;
				CLANG_WARN_BOOL_CONVERSION = YES;
				CLANG_WARN_CONSTANT_CONVERSION = YES;
				CLANG_WARN_DIRECT_OBJC_ISA_USAGE = YES_ERROR;
				CLANG_WARN_EMPTY_BODY = YES;
				CLANG_WARN_ENUM_CONVERSION = YES;
				CLANG_WARN_INT_CONVERSION = YES;
				CLANG_WARN_OBJC_ROOT_CLASS = YES_ERROR;
				CLANG_WARN__DUPLICATE_METHOD_MATCH = YES;
				COPY_PHASE_STRIP = YES;
				DEBUG_INFORMATION_FORMAT = "dwarf-with-dsym";
				ENABLE_NS_ASSERTIONS = NO;
				GCC_C_LANGUAGE_STANDARD = gnu99;
				GCC_ENABLE_OBJC_EXCEPTIONS = YES;
				GCC_WARN_64_TO_32_BIT_CONVERSION = YES;
				GCC_WARN_ABOUT_RETURN_TYPE = YES_ERROR;
				GCC_WARN_UNDECLARED_SELECTOR = YES;
				GCC_WARN_UNINITIALIZED_AUTOS = YES_AGGRESSIVE;
				GCC_WARN_UNUSED_FUNCTION = YES;
				GCC_WARN_UNUSED_VARIABLE = YES;
				MACOSX_DEPLOYMENT_TARGET = 10.8;
				SDKROOT = macosx10.8;
			};
			name = Release;
		};
		00754E4218E8DAEA00F68FFA /* Debug */ = {
			isa = XCBuildConfiguration;
			buildSettings = {
				HEADER_SEARCH_PATHS = (
					"$(inherited)",
					/Applications/Xcode.app/Contents/Developer/Toolchains/XcodeDefault.xctoolchain/usr/include,
					/usr/local/include,
					/opt/X11/include,
				);
				LIBRARY_SEARCH_PATHS = (
					"$(inherited)",
					/Users/terence/dev/cprocessing/objects,
					/usr/local/lib,
					/opt/X11/lib,
				);
				OTHER_LDFLAGS = "";
				"OTHER_LDFLAGS[arch=*]" = "";
				PRODUCT_NAME = "$(TARGET_NAME)";
			};
			name = Debug;
		};
		00754E4318E8DAEA00F68FFA /* Release */ = {
			isa = XCBuildConfiguration;
			buildSettings = {
				HEADER_SEARCH_PATHS = (
					"$(inherited)",
					/Applications/Xcode.app/Contents/Developer/Toolchains/XcodeDefault.xctoolchain/usr/include,
					/usr/local/include,
					/opt/X11/include,
				);
				LIBRARY_SEARCH_PATHS = (
					"$(inherited)",
					/Users/terence/dev/cprocessing/objects,
					/usr/local/lib,
					/opt/X11/lib,
				);
				OTHER_LDFLAGS = "";
				"OTHER_LDFLAGS[arch=*]" = "";
				PRODUCT_NAME = "$(TARGET_NAME)";
			};
			name = Release;
		};
/* End XCBuildConfiguration section */

/* Begin XCConfigurationList section */
		004FC28019105F17000FAE9D /* Build configuration list for PBXNativeTarget "window" */ = {
			isa = XCConfigurationList;
			buildConfigurations = (
				004FC28119105F17000FAE9D /* Debug */,
				004FC28219105F17000FAE9D /* Release */,
			);
			defaultConfigurationIsVisible = 0;
			defaultConfigurationName = Release;
		};
		00754E3318E8DAEA00F68FFA /* Build configuration list for PBXProject "PhotonMapping" */ = {
			isa = XCConfigurationList;
			buildConfigurations = (
				00754E3F18E8DAEA00F68FFA /* Debug */,
				00754E4018E8DAEA00F68FFA /* Release */,
			);
			defaultConfigurationIsVisible = 0;
			defaultConfigurationName = Release;
		};
		00754E4118E8DAEA00F68FFA /* Build configuration list for PBXNativeTarget "PhotonMapping" */ = {
			isa = XCConfigurationList;
			buildConfigurations = (
				00754E4218E8DAEA00F68FFA /* Debug */,
				00754E4318E8DAEA00F68FFA /* Release */,
			);
			defaultConfigurationIsVisible = 0;
			defaultConfigurationName = Release;
		};
/* End XCConfigurationList section */
	};
	rootObject = 00754E3018E8DAEA00F68FFA /* Project object */;
}
